
Microsoft Visual Studio Solution File, Format Version 12.00
# Visual Studio Version 17
VisualStudioVersion = 17.7.34009.444
MinimumVisualStudioVersion = 10.0.40219.1
Project("{FAE04EC0-301F-11D3-BF4B-00C04F79EFBC}") = "PPMTTest", "PPMTTest\PPMTTest.csproj", "{6E69914F-D633-4ECE-80C0-8C77E81C3BD3}"
EndProject
Global
	GlobalSection(SolutionConfigurationPlatforms) = preSolution
		Debug|Any CPU = Debug|Any CPU
		Release|Any CPU = Release|Any CPU
	EndGlobalSection
	GlobalSection(ProjectConfigurationPlatforms) = postSolution
		{6E69914F-D633-4ECE-80C0-8C77E81C3BD3}.Debug|Any CPU.ActiveCfg = Debug|Any CPU
		{6E69914F-D633-4ECE-80C0-8C77E81C3BD3}.Debug|Any CPU.Build.0 = Debug|Any CPU
		{6E69914F-D633-4ECE-80C0-8C77E81C3BD3}.Release|Any CPU.ActiveCfg = Release|Any CPU
		{6E69914F-D633-4ECE-80C0-8C77E81C3BD3}.Release|Any CPU.Build.0 = Release|Any CPU
	EndGlobalSection
	GlobalSection(SolutionProperties) = preSolution
		HideSolutionNode = FALSE
	EndGlobalSection
	GlobalSection(ExtensibilityGlobals) = postSolution
		SolutionGuid = {79C564D4-0BB5-485C-A316-61E613DA9E4A}
	EndGlobalSection
EndGlobal
